{
  "version": 4,
  "terraform_version": "0.12.3",
  "serial": 353,
  "lineage": "74031cd6-b207-d3e7-80e9-96e1588679ae",
  "outputs": {},
  "resources": [
    {
      "mode": "data",
      "type": "aws_availability_zones",
      "name": "available",
      "provider": "provider.aws",
      "instances": [
        {
          "schema_version": 0,
          "attributes": {
            "blacklisted_names": null,
            "blacklisted_zone_ids": null,
            "id": "2019-10-11 09:53:38.6821043 +0000 UTC",
            "names": [
              "eu-west-1a",
              "eu-west-1b",
              "eu-west-1c"
            ],
            "state": null,
            "zone_ids": [
              "euw1-az1",
              "euw1-az2",
              "euw1-az3"
            ]
          }
        }
      ]
    },
    {
      "mode": "data",
      "type": "aws_subnet",
      "name": "subnetid_private_a",
      "provider": "provider.aws",
      "instances": [
        {
          "schema_version": 0,
          "attributes": {
            "arn": "arn:aws:ec2:eu-west-1:465242977050:subnet/subnet-0aa0f9bb840a1caa0",
            "assign_ipv6_address_on_creation": false,
            "availability_zone": "eu-west-1a",
            "availability_zone_id": "euw1-az1",
            "cidr_block": "10.1.1.0/24",
            "default_for_az": false,
            "filter": null,
            "id": "subnet-0aa0f9bb840a1caa0",
            "ipv6_cidr_block": null,
            "ipv6_cidr_block_association_id": null,
            "map_public_ip_on_launch": false,
            "owner_id": "465242977050",
            "state": "available",
            "tags": {
              "Name": "sub-private01",
              "kubernetes.io/cluster/terraform-eks-cluster": "shared",
              "network": "private"
            },
            "vpc_id": "vpc-0c2d8f12853a8257c"
          },
          "depends_on": [
            "data.aws_availability_zones.available"
          ]
        }
      ]
    },
    {
      "mode": "data",
      "type": "aws_subnet",
      "name": "subnetid_private_b",
      "provider": "provider.aws",
      "instances": [
        {
          "schema_version": 0,
          "attributes": {
            "arn": "arn:aws:ec2:eu-west-1:465242977050:subnet/subnet-09ce5ba0c6bc6dea2",
            "assign_ipv6_address_on_creation": false,
            "availability_zone": "eu-west-1b",
            "availability_zone_id": "euw1-az2",
            "cidr_block": "10.1.2.0/24",
            "default_for_az": false,
            "filter": null,
            "id": "subnet-09ce5ba0c6bc6dea2",
            "ipv6_cidr_block": null,
            "ipv6_cidr_block_association_id": null,
            "map_public_ip_on_launch": false,
            "owner_id": "465242977050",
            "state": "available",
            "tags": {
              "Name": "sub-private02",
              "kubernetes.io/cluster/terraform-eks-cluster": "shared",
              "network": "private"
            },
            "vpc_id": "vpc-0c2d8f12853a8257c"
          },
          "depends_on": [
            "data.aws_availability_zones.available"
          ]
        }
      ]
    },
    {
      "mode": "managed",
      "type": "aws_autoscaling_group",
      "name": "demo",
      "provider": "provider.aws",
      "instances": [
        {
          "schema_version": 0,
          "attributes": {
            "arn": "arn:aws:autoscaling:eu-west-1:465242977050:autoScalingGroup:f6127412-b704-48d7-a6d5-79cd6be4052b:autoScalingGroupName/terraform-eks-demo",
            "availability_zones": [
              "eu-west-1a",
              "eu-west-1b"
            ],
            "default_cooldown": 300,
            "desired_capacity": 2,
            "enabled_metrics": [],
            "force_delete": false,
            "health_check_grace_period": 300,
            "health_check_type": "EC2",
            "id": "terraform-eks-demo",
            "initial_lifecycle_hook": [],
            "launch_configuration": "terraform-eks-demo-test20191011093032943100000008",
            "launch_template": [],
            "load_balancers": [],
            "max_size": 2,
            "metrics_granularity": "1Minute",
            "min_elb_capacity": null,
            "min_size": 1,
            "mixed_instances_policy": [],
            "name": "terraform-eks-demo",
            "name_prefix": null,
            "placement_group": "",
            "protect_from_scale_in": false,
            "service_linked_role_arn": "arn:aws:iam::465242977050:role/aws-service-role/autoscaling.amazonaws.com/AWSServiceRoleForAutoScaling",
            "suspended_processes": [],
            "tag": [
              {
                "key": "Name",
                "propagate_at_launch": true,
                "value": "terraform-eks-demo"
              },
              {
                "key": "kubernetes.io/cluster/terraform-eks-cluster",
                "propagate_at_launch": true,
                "value": "owned"
              }
            ],
            "tags": null,
            "target_group_arns": [],
            "termination_policies": [],
            "timeouts": null,
            "vpc_zone_identifier": [
              "subnet-09ce5ba0c6bc6dea2",
              "subnet-0aa0f9bb840a1caa0"
            ],
            "wait_for_capacity_timeout": "10m",
            "wait_for_elb_capacity": null
          }
        }
      ]
    },
    {
      "mode": "managed",
      "type": "aws_cloudwatch_log_group",
      "name": "eks_log_group",
      "provider": "provider.aws",
      "instances": [
        {
          "schema_version": 0,
          "attributes": {
            "arn": "arn:aws:logs:eu-west-1:465242977050:log-group:/aws/eks/terraform-eks-cluster/cluster:*",
            "id": "/aws/eks/terraform-eks-cluster/cluster",
            "kms_key_id": "",
            "name": "/aws/eks/terraform-eks-cluster/cluster",
            "name_prefix": null,
            "retention_in_days": 7,
            "tags": {}
          },
          "private": "bnVsbA=="
        }
      ]
    },
    {
      "mode": "managed",
      "type": "aws_eks_cluster",
      "name": "demo",
      "provider": "provider.aws",
      "instances": [
        {
          "schema_version": 0,
          "attributes": {
            "arn": "arn:aws:eks:eu-west-1:465242977050:cluster/terraform-eks-cluster",
            "certificate_authority": [
              {
                "data": "LS0tLS1CRUdJTiBDRVJUSUZJQ0FURS0tLS0tCk1JSUN5RENDQWJDZ0F3SUJBZ0lCQURBTkJna3Foa2lHOXcwQkFRc0ZBREFWTVJNd0VRWURWUVFERXdwcmRXSmwKY201bGRHVnpNQjRYRFRFNU1UQXhNVEE1TWpjek1Gb1hEVEk1TVRBd09EQTVNamN6TUZvd0ZURVRNQkVHQTFVRQpBeE1LYTNWaVpYSnVaWFJsY3pDQ0FTSXdEUVlKS29aSWh2Y05BUUVCQlFBRGdnRVBBRENDQVFvQ2dnRUJBT1ZkCllOcFJjVStEZk9rOWZ4R1NveUZQdWxOblBpT1hsTkVUeUQrNUlUa0VnWEViSHVwSW9idlhUWUpiNVI4L1dDcUUKYW5TMDhrSkhrZXdqck1JNWFwenhEU0FNT1pUckRvdm9DSTlNM1lUZWhsZnZyd1pyWU0yYUJTbDlwZUVXM083UApDOWlmV2N4cllaZ3BWR2lMNmhzbFlDT1BibWtoRXpzNFdiVGdoUDU1UFNZWU5DeUYreDFuTjJETW5YOUYrM3l0CkxLQ0piMU94U1p2MEx4M0FLdk80NzlUTENLTE9USG9OVVlwUjFaNlFFdlhSSUFQV1VScEVvaW5MWjVURVY5TFkKS0cvRm9EajF0Qk5INWVHNmpCM2VTM0F1dkZpeE1yb3hoVEJpdDV4bDNXcTBJTklmem9SdlJGT0lwUm1YZy9kbApnM0NJZHZlaTFKdkNBWE9ycGtzQ0F3RUFBYU1qTUNFd0RnWURWUjBQQVFIL0JBUURBZ0trTUE4R0ExVWRFd0VCCi93UUZNQU1CQWY4d0RRWUpLb1pJaHZjTkFRRUxCUUFEZ2dFQkFOdGgrL3ZWZzREY0ptQ0pCUmszYmR0T3FraTAKZm9jK0NuM1FxQ3VwR2tOd09LdXBmQnoxMWVwUGFlL29ZUlVsdjZhWWUxb21udjlwbmtrWUpBdWV0TmJuMWtyOQpTOUlMKzU3VXI2YTdvUjNsU3NtSyt5NjRiWFhsWW5iWmdaRGMwTGNyTWx5OUlFYjJqem1mZlQ1WHpCd3dLZUdzCjQ2dDNGRUZmU3VKMkxDZzBxOUJ2K0xzWDdoZ0U2Y1pvRGVTb2g3VFBzc2RuY2ZUeEZvRXRGVStraHMreWsvc1oKNTdUNisxQmhpVHdOY29BWVdFaW05MGl3cmtsQ2s5d3BuZ2k3TlMvcGZSYW5EWWJRUGxQcnQ3emxRd2IyeENoSQpab2JaVTdJQW1GKzBwV1FhVFFCdndqNzc0OGtVTkxQeEdVUGdtOHdxQ1RsTVZTM1hrV3JHYm9lb2hpWT0KLS0tLS1FTkQgQ0VSVElGSUNBVEUtLS0tLQo="
              }
            ],
            "created_at": "2019-10-11 09:20:09 +0000 UTC",
            "enabled_cluster_log_types": [
              "api",
              "audit"
            ],
            "endpoint": "https://66E756F1A0F6740F341C78B3D1AA6DC3.yl4.eu-west-1.eks.amazonaws.com",
            "id": "terraform-eks-cluster",
            "identity": [
              {
                "oidc": [
                  {
                    "issuer": "https://oidc.eks.eu-west-1.amazonaws.com/id/66E756F1A0F6740F341C78B3D1AA6DC3"
                  }
                ]
              }
            ],
            "name": "terraform-eks-cluster",
            "platform_version": "eks.1",
            "role_arn": "arn:aws:iam::465242977050:role/terraform-eks-demo-cluster",
            "status": "ACTIVE",
            "timeouts": null,
            "version": "1.14",
            "vpc_config": [
              {
                "endpoint_private_access": false,
                "endpoint_public_access": true,
                "security_group_ids": [
                  "sg-0cf3c5b22f0c2ea20"
                ],
                "subnet_ids": [
                  "subnet-09ce5ba0c6bc6dea2",
                  "subnet-0aa0f9bb840a1caa0"
                ],
                "vpc_id": "vpc-0c2d8f12853a8257c"
              }
            ]
          },
          "private": "eyJlMmJmYjczMC1lY2FhLTExZTYtOGY4OC0zNDM2M2JjN2M0YzAiOnsiY3JlYXRlIjoxODAwMDAwMDAwMDAwLCJkZWxldGUiOjkwMDAwMDAwMDAwMCwidXBkYXRlIjozNjAwMDAwMDAwMDAwfX0=",
          "depends_on": [
            "aws_cloudwatch_log_group.eks_log_group",
            "aws_iam_role.demo-cluster",
            "aws_iam_role_policy_attachment.demo-cluster-AmazonEKSClusterPolicy",
            "aws_iam_role_policy_attachment.demo-cluster-AmazonEKSServicePolicy",
            "aws_security_group.demo-cluster",
            "data.aws_subnet.subnetid_private_a",
            "data.aws_subnet.subnetid_private_b"
          ]
        }
      ]
    },
    {
      "mode": "managed",
      "type": "aws_iam_instance_profile",
      "name": "demo-node",
      "provider": "provider.aws",
      "instances": [
        {
          "schema_version": 0,
          "attributes": {
            "arn": "arn:aws:iam::465242977050:instance-profile/terraform-instance-profile-eks-demo",
            "create_date": "2019-10-11T09:19:49Z",
            "id": "terraform-instance-profile-eks-demo",
            "name": "terraform-instance-profile-eks-demo",
            "name_prefix": null,
            "path": "/",
            "role": "terraform-eks-demo-node",
            "roles": [
              "terraform-eks-demo-node"
            ],
            "unique_id": "AIPAWYUVEOMNOZZ43SUTU"
          },
          "private": "bnVsbA==",
          "depends_on": [
            "aws_iam_role.demo-node"
          ]
        }
      ]
    },
    {
      "mode": "managed",
      "type": "aws_iam_role",
      "name": "demo-cluster",
      "provider": "provider.aws",
      "instances": [
        {
          "schema_version": 0,
          "attributes": {
            "arn": "arn:aws:iam::465242977050:role/terraform-eks-demo-cluster",
            "assume_role_policy": "{\"Version\":\"2012-10-17\",\"Statement\":[{\"Effect\":\"Allow\",\"Principal\":{\"Service\":\"eks.amazonaws.com\"},\"Action\":\"sts:AssumeRole\"}]}",
            "create_date": "2019-10-11T09:19:46Z",
            "description": "",
            "force_detach_policies": true,
            "id": "terraform-eks-demo-cluster",
            "max_session_duration": 3600,
            "name": "terraform-eks-demo-cluster",
            "name_prefix": null,
            "path": "/",
            "permissions_boundary": null,
            "tags": {},
            "unique_id": "AROAWYUVEOMNN3XAIQO4R"
          },
          "private": "bnVsbA=="
        }
      ]
    },
    {
      "mode": "managed",
      "type": "aws_iam_role",
      "name": "demo-node",
      "provider": "provider.aws",
      "instances": [
        {
          "schema_version": 0,
          "attributes": {
            "arn": "arn:aws:iam::465242977050:role/terraform-eks-demo-node",
            "assume_role_policy": "{\"Version\":\"2012-10-17\",\"Statement\":[{\"Effect\":\"Allow\",\"Principal\":{\"Service\":\"ec2.amazonaws.com\"},\"Action\":\"sts:AssumeRole\"}]}",
            "create_date": "2019-10-11T09:19:47Z",
            "description": "",
            "force_detach_policies": true,
            "id": "terraform-eks-demo-node",
            "max_session_duration": 3600,
            "name": "terraform-eks-demo-node",
            "name_prefix": null,
            "path": "/",
            "permissions_boundary": null,
            "tags": {},
            "unique_id": "AROAWYUVEOMNNGARC3PWT"
          },
          "private": "bnVsbA=="
        }
      ]
    },
    {
      "mode": "managed",
      "type": "aws_iam_role_policy_attachment",
      "name": "demo-cluster-AmazonEKSClusterPolicy",
      "provider": "provider.aws",
      "instances": [
        {
          "schema_version": 0,
          "attributes": {
            "id": "terraform-eks-demo-cluster-20191011091948434900000001",
            "policy_arn": "arn:aws:iam::aws:policy/AmazonEKSClusterPolicy",
            "role": "terraform-eks-demo-cluster"
          },
          "private": "bnVsbA==",
          "depends_on": [
            "aws_iam_role.demo-cluster"
          ]
        }
      ]
    },
    {
      "mode": "managed",
      "type": "aws_iam_role_policy_attachment",
      "name": "demo-cluster-AmazonEKSServicePolicy",
      "provider": "provider.aws",
      "instances": [
        {
          "schema_version": 0,
          "attributes": {
            "id": "terraform-eks-demo-cluster-20191011091948521200000003",
            "policy_arn": "arn:aws:iam::aws:policy/AmazonEKSServicePolicy",
            "role": "terraform-eks-demo-cluster"
          },
          "private": "bnVsbA==",
          "depends_on": [
            "aws_iam_role.demo-cluster"
          ]
        }
      ]
    },
    {
      "mode": "managed",
      "type": "aws_launch_configuration",
      "name": "demo",
      "provider": "provider.aws",
      "instances": [
        {
          "schema_version": 0,
          "attributes": {
            "associate_public_ip_address": false,
            "ebs_block_device": [],
            "ebs_optimized": false,
            "enable_monitoring": true,
            "ephemeral_block_device": [],
            "iam_instance_profile": "terraform-instance-profile-eks-demo",
            "id": "terraform-eks-demo-test20191011093032943100000008",
            "image_id": "ami-0ce71448843cb18a1",
            "instance_type": "t3.medium",
            "key_name": "kopslab",
            "name": "terraform-eks-demo-test20191011093032943100000008",
            "name_prefix": "terraform-eks-demo-test",
            "placement_tenancy": null,
            "root_block_device": [],
            "security_groups": [
              "sg-0e426b9c23b811060"
            ],
            "spot_price": "",
            "user_data": null,
            "user_data_base64": "IyEvYmluL2Jhc2gKc2V0IC1vIHh0cmFjZQovZXRjL2Vrcy9ib290c3RyYXAuc2ggLS1hcGlzZXJ2ZXItZW5kcG9pbnQgJ2h0dHBzOi8vNjZFNzU2RjFBMEY2NzQwRjM0MUM3OEIzRDFBQTZEQzMueWw0LmV1LXdlc3QtMS5la3MuYW1hem9uYXdzLmNvbScgLS1iNjQtY2x1c3Rlci1jYSAnTFMwdExTMUNSVWRKVGlCRFJWSlVTVVpKUTBGVVJTMHRMUzB0Q2sxSlNVTjVSRU5EUVdKRFowRjNTVUpCWjBsQ1FVUkJUa0puYTNGb2EybEhPWGN3UWtGUmMwWkJSRUZXVFZKTmQwVlJXVVJXVVZGRVJYZHdjbVJYU213S1kyMDFiR1JIVm5wTlFqUllSRlJGTlUxVVFYaE5WRUUxVFdwamVrMUdiMWhFVkVrMVRWUkJkMDlFUVRWTmFtTjZUVVp2ZDBaVVJWUk5Ra1ZIUVRGVlJRcEJlRTFMWVROV2FWcFlTblZhV0ZKc1kzcERRMEZUU1hkRVVWbEtTMjlhU1doMlkwNUJVVVZDUWxGQlJHZG5SVkJCUkVORFFWRnZRMmRuUlVKQlQxWmtDbGxPY0ZKalZTdEVaazlyT1daNFIxTnZlVVpRZFd4T2JsQnBUMWhzVGtWVWVVUXJOVWxVYTBWbldFVmlTSFZ3U1c5aWRsaFVXVXBpTlZJNEwxZERjVVVLWVc1VE1EaHJTa2hyWlhkcWNrMUpOV0Z3ZW5oRVUwRk5UMXBVY2tSdmRtOURTVGxOTTFsVVpXaHNablp5ZDFweVdVMHlZVUpUYkRsd1pVVlhNMDgzVUFwRE9XbG1WMk40Y2xsYVozQldSMmxNTm1oemJGbERUMUJpYld0b1JYcHpORmRpVkdkb1VEVTFVRk5aV1U1RGVVWXJlREZ1VGpKRVRXNVlPVVlyTTNsMENreExRMHBpTVU5NFUxcDJNRXg0TTBGTGRrODBOemxVVEVOTFRFOVVTRzlPVlZsd1VqRmFObEZGZGxoU1NVRlFWMVZTY0VWdmFXNU1XalZVUlZZNVRGa0tTMGN2Um05RWFqRjBRazVJTldWSE5tcENNMlZUTTBGMWRrWnBlRTF5YjNob1ZFSnBkRFY0YkROWGNUQkpUa2xtZW05U2RsSkdUMGx3VW0xWVp5OWtiQXBuTTBOSlpIWmxhVEZLZGtOQldFOXljR3R6UTBGM1JVRkJZVTFxVFVORmQwUm5XVVJXVWpCUVFWRklMMEpCVVVSQlowdHJUVUU0UjBFeFZXUkZkMFZDQ2k5M1VVWk5RVTFDUVdZNGQwUlJXVXBMYjFwSmFIWmpUa0ZSUlV4Q1VVRkVaMmRGUWtGT2RHZ3JMM1pXWnpSRVkwcHRRMHBDVW1zelltUjBUM0ZyYVRBS1ptOWpLME51TTFGeFEzVndSMnRPZDA5TGRYQm1Rbm94TVdWd1VHRmxMMjlaVWxWc2RqWmhXV1V4YjIxdWRqbHdibXRyV1VwQmRXVjBUbUp1TVd0eU9RcFRPVWxNS3pVM1ZYSTJZVGR2VWpOc1UzTnRTeXQ1TmpSaVdGaHNXVzVpV21kYVJHTXdUR055VFd4NU9VbEZZakpxZW0xbVpsUTFXSHBDZDNkTFpVZHpDalEyZEROR1JVWm1VM1ZLTWt4RFp6QnhPVUoySzB4eldEZG9aMFUyWTFwdlJHVlRiMmczVkZCemMyUnVZMlpVZUVadlJYUkdWU3RyYUhNcmVXc3ZjMW9LTlRkVU5pc3hRbWhwVkhkT1kyOUJXVmRGYVcwNU1HbDNjbXRzUTJzNWQzQnVaMmszVGxNdmNHWlNZVzVFV1dKUlVHeFFjblEzZW14UmQySXllRU5vU1FwYWIySmFWVGRKUVcxR0t6QndWMUZoVkZGQ2RuZHFOemMwT0d0VlRreFFlRWRWVUdkdE9IZHhRMVJzVFZaVE0xaHJWM0pIWW05bGIyaHBXVDBLTFMwdExTMUZUa1FnUTBWU1ZFbEdTVU5CVkVVdExTMHRMUW89JyAndGVycmFmb3JtLWVrcy1jbHVzdGVyJwo=",
            "vpc_classic_link_id": "",
            "vpc_classic_link_security_groups": []
          },
          "private": "bnVsbA==",
          "depends_on": [
            "aws_iam_instance_profile.demo-node",
            "aws_security_group.demo-node"
          ]
        }
      ]
    },
    {
      "mode": "managed",
      "type": "aws_security_group",
      "name": "demo-cluster",
      "provider": "provider.aws",
      "instances": [
        {
          "schema_version": 1,
          "attributes": {
            "arn": "arn:aws:ec2:eu-west-1:465242977050:security-group/sg-0cf3c5b22f0c2ea20",
            "description": "Cluster communication with worker nodes",
            "egress": [
              {
                "cidr_blocks": [
                  "0.0.0.0/0"
                ],
                "description": "",
                "from_port": 0,
                "ipv6_cidr_blocks": [],
                "prefix_list_ids": [],
                "protocol": "-1",
                "security_groups": [],
                "self": false,
                "to_port": 0
              }
            ],
            "id": "sg-0cf3c5b22f0c2ea20",
            "ingress": [
              {
                "cidr_blocks": [
                  "193.57.249.2/32",
                  "10.1.1.197/32"
                ],
                "description": "Allow workstation to communicate with the cluster API Server",
                "from_port": 443,
                "ipv6_cidr_blocks": [],
                "prefix_list_ids": [],
                "protocol": "tcp",
                "security_groups": [],
                "self": false,
                "to_port": 443
              },
              {
                "cidr_blocks": [],
                "description": "Allow pods to communicate with the cluster API Server",
                "from_port": 443,
                "ipv6_cidr_blocks": [],
                "prefix_list_ids": [],
                "protocol": "tcp",
                "security_groups": [
                  "sg-0e426b9c23b811060"
                ],
                "self": false,
                "to_port": 443
              }
            ],
            "name": "terraform-eks-demo-cluster",
            "name_prefix": null,
            "owner_id": "465242977050",
            "revoke_rules_on_delete": false,
            "tags": {
              "Name": "terraform-eks-demo"
            },
            "timeouts": null,
            "vpc_id": "vpc-0c2d8f12853a8257c"
          },
          "private": "eyJlMmJmYjczMC1lY2FhLTExZTYtOGY4OC0zNDM2M2JjN2M0YzAiOnsiY3JlYXRlIjo2MDAwMDAwMDAwMDAsImRlbGV0ZSI6NjAwMDAwMDAwMDAwfSwic2NoZW1hX3ZlcnNpb24iOiIxIn0="
        }
      ]
    },
    {
      "mode": "managed",
      "type": "aws_security_group",
      "name": "demo-node",
      "provider": "provider.aws",
      "instances": [
        {
          "schema_version": 1,
          "attributes": {
            "arn": "arn:aws:ec2:eu-west-1:465242977050:security-group/sg-0e426b9c23b811060",
            "description": "Security group for all nodes in the cluster",
            "egress": [
              {
                "cidr_blocks": [
                  "0.0.0.0/0"
                ],
                "description": "",
                "from_port": 0,
                "ipv6_cidr_blocks": [],
                "prefix_list_ids": [],
                "protocol": "-1",
                "security_groups": [],
                "self": false,
                "to_port": 0
              }
            ],
            "id": "sg-0e426b9c23b811060",
            "ingress": [
              {
                "cidr_blocks": [],
                "description": "Allow node to communicate with each other",
                "from_port": 0,
                "ipv6_cidr_blocks": [],
                "prefix_list_ids": [],
                "protocol": "-1",
                "security_groups": [],
                "self": true,
                "to_port": 0
              },
              {
                "cidr_blocks": [],
                "description": "Allow worker Kubelets and pods to receive communication from the cluster control plane",
                "from_port": 1025,
                "ipv6_cidr_blocks": [],
                "prefix_list_ids": [],
                "protocol": "tcp",
                "security_groups": [
                  "sg-0cf3c5b22f0c2ea20"
                ],
                "self": false,
                "to_port": 65535
              }
            ],
            "name": "terraform-sg-eks-demo-node",
            "name_prefix": null,
            "owner_id": "465242977050",
            "revoke_rules_on_delete": false,
            "tags": {
              "Name": "terraform-eks-demo-node",
              "kubernetes.io/cluster/terraform-eks-cluster": "owned"
            },
            "timeouts": null,
            "vpc_id": "vpc-0c2d8f12853a8257c"
          },
          "private": "eyJlMmJmYjczMC1lY2FhLTExZTYtOGY4OC0zNDM2M2JjN2M0YzAiOnsiY3JlYXRlIjo2MDAwMDAwMDAwMDAsImRlbGV0ZSI6NjAwMDAwMDAwMDAwfSwic2NoZW1hX3ZlcnNpb24iOiIxIn0="
        }
      ]
    },
    {
      "mode": "managed",
      "type": "aws_security_group_rule",
      "name": "eks_admin_sg_ingress_controlplane_https",
      "provider": "provider.aws",
      "instances": []
    }
  ]
}
