{
  "version": 4,
  "terraform_version": "0.12.8",
  "serial": 204,
  "lineage": "74031cd6-b207-d3e7-80e9-96e1588679ae",
  "outputs": {
    "config_map_aws_auth": {
      "value": "\r\n\r\napiVersion: v1\r\nkind: ConfigMap\r\nmetadata:\r\n  name: aws-auth\r\n  namespace: kube-system\r\ndata:\r\n  mapRoles: |\r\n    - rolearn: arn:aws:iam::465242977050:role/terraform-eks-demo-node\r\n      username: system:node:{{EC2PrivateDNSName}}\r\n      groups:\r\n        - system:bootstrappers\r\n        - system:nodes\r\n",
      "type": "string"
    }
  },
  "resources": [
    {
      "mode": "data",
      "type": "aws_ami",
      "name": "eks-worker",
      "provider": "provider.aws",
      "instances": [
        {
          "schema_version": 0,
          "attributes": {
            "architecture": "x86_64",
            "block_device_mappings": [
              {
                "device_name": "/dev/xvda",
                "ebs": {
                  "delete_on_termination": "true",
                  "encrypted": "false",
                  "iops": "0",
                  "snapshot_id": "snap-01d8fb517232f0c0b",
                  "volume_size": "20",
                  "volume_type": "gp2"
                },
                "no_device": "",
                "virtual_name": ""
              }
            ],
            "creation_date": "2019-09-17T18:24:51.000Z",
            "description": "[Copied ami-0ed460d4e9ac40d04 from us-west-2] amazon-eks-node-1.13-v20190917",
            "executable_users": null,
            "filter": [
              {
                "name": "name",
                "values": [
                  "amazon-eks-node-1.13-v*"
                ]
              }
            ],
            "hypervisor": "xen",
            "id": "ami-0be39014aa2b90c55",
            "image_id": "ami-0be39014aa2b90c55",
            "image_location": "465242977050/amazon-eks-node-1.13-v20190917",
            "image_owner_alias": null,
            "image_type": "machine",
            "kernel_id": null,
            "most_recent": true,
            "name": "amazon-eks-node-1.13-v20190917",
            "name_regex": null,
            "owner_id": "465242977050",
            "owners": [
              "self"
            ],
            "platform": null,
            "product_codes": [],
            "public": false,
            "ramdisk_id": null,
            "root_device_name": "/dev/xvda",
            "root_device_type": "ebs",
            "root_snapshot_id": "snap-01d8fb517232f0c0b",
            "sriov_net_support": "simple",
            "state": "available",
            "state_reason": {
              "code": "UNSET",
              "message": "UNSET"
            },
            "tags": {},
            "virtualization_type": "hvm"
          },
          "depends_on": [
            "aws_eks_cluster.demo"
          ]
        }
      ]
    },
    {
      "mode": "data",
      "type": "aws_availability_zones",
      "name": "available",
      "provider": "provider.aws",
      "instances": [
        {
          "schema_version": 0,
          "attributes": {
            "blacklisted_names": null,
            "blacklisted_zone_ids": null,
            "id": "2019-09-18 09:30:11.6109873 +0000 UTC",
            "names": [
              "eu-west-1a",
              "eu-west-1b",
              "eu-west-1c"
            ],
            "state": null,
            "zone_ids": [
              "euw1-az1",
              "euw1-az2",
              "euw1-az3"
            ]
          }
        }
      ]
    },
    {
      "mode": "data",
      "type": "aws_region",
      "name": "current",
      "provider": "provider.aws",
      "instances": [
        {
          "schema_version": 0,
          "attributes": {
            "current": null,
            "description": "EU (Ireland)",
            "endpoint": "ec2.eu-west-1.amazonaws.com",
            "id": "eu-west-1",
            "name": "eu-west-1"
          }
        }
      ]
    },
    {
      "mode": "data",
      "type": "aws_subnet",
      "name": "subnetid_private_a",
      "provider": "provider.aws",
      "instances": [
        {
          "schema_version": 0,
          "attributes": {
            "arn": "arn:aws:ec2:eu-west-1:465242977050:subnet/subnet-0aa0f9bb840a1caa0",
            "assign_ipv6_address_on_creation": false,
            "availability_zone": "eu-west-1a",
            "availability_zone_id": "euw1-az1",
            "cidr_block": "10.1.1.0/24",
            "default_for_az": false,
            "filter": null,
            "id": "subnet-0aa0f9bb840a1caa0",
            "ipv6_cidr_block": null,
            "ipv6_cidr_block_association_id": null,
            "map_public_ip_on_launch": false,
            "owner_id": "465242977050",
            "state": "available",
            "tags": {
              "Name": "sub-private01",
              "network": "private"
            },
            "vpc_id": "vpc-0c2d8f12853a8257c"
          },
          "depends_on": [
            "data.aws_availability_zones.available"
          ]
        }
      ]
    },
    {
      "mode": "data",
      "type": "aws_subnet",
      "name": "subnetid_private_b",
      "provider": "provider.aws",
      "instances": [
        {
          "schema_version": 0,
          "attributes": {
            "arn": "arn:aws:ec2:eu-west-1:465242977050:subnet/subnet-09ce5ba0c6bc6dea2",
            "assign_ipv6_address_on_creation": false,
            "availability_zone": "eu-west-1b",
            "availability_zone_id": "euw1-az2",
            "cidr_block": "10.1.2.0/24",
            "default_for_az": false,
            "filter": null,
            "id": "subnet-09ce5ba0c6bc6dea2",
            "ipv6_cidr_block": null,
            "ipv6_cidr_block_association_id": null,
            "map_public_ip_on_launch": false,
            "owner_id": "465242977050",
            "state": "available",
            "tags": {
              "Name": "sub-private02",
              "network": "private"
            },
            "vpc_id": "vpc-0c2d8f12853a8257c"
          },
          "depends_on": [
            "data.aws_availability_zones.available"
          ]
        }
      ]
    },
    {
      "mode": "managed",
      "type": "aws_autoscaling_group",
      "name": "demo",
      "provider": "provider.aws",
      "instances": [
        {
          "schema_version": 0,
          "attributes": {
            "arn": "arn:aws:autoscaling:eu-west-1:465242977050:autoScalingGroup:499f41ba-d6b0-4b44-8490-e801378fd43e:autoScalingGroupName/terraform-eks-demo",
            "availability_zones": [
              "eu-west-1a",
              "eu-west-1b"
            ],
            "default_cooldown": 300,
            "desired_capacity": 2,
            "enabled_metrics": null,
            "force_delete": false,
            "health_check_grace_period": 300,
            "health_check_type": "EC2",
            "id": "terraform-eks-demo",
            "initial_lifecycle_hook": [],
            "launch_configuration": "terraform-eks-demo20190918094339617300000006",
            "launch_template": [],
            "load_balancers": [],
            "max_size": 2,
            "metrics_granularity": "1Minute",
            "min_elb_capacity": null,
            "min_size": 1,
            "mixed_instances_policy": [],
            "name": "terraform-eks-demo",
            "name_prefix": null,
            "placement_group": "",
            "protect_from_scale_in": false,
            "service_linked_role_arn": "arn:aws:iam::465242977050:role/aws-service-role/autoscaling.amazonaws.com/AWSServiceRoleForAutoScaling",
            "suspended_processes": null,
            "tag": [
              {
                "key": "Name",
                "propagate_at_launch": true,
                "value": "terraform-eks-demo"
              },
              {
                "key": "kubernetes.io/cluster/terraform-eks-demo",
                "propagate_at_launch": true,
                "value": "owned"
              }
            ],
            "tags": null,
            "target_group_arns": [],
            "termination_policies": null,
            "timeouts": null,
            "vpc_zone_identifier": [
              "subnet-09ce5ba0c6bc6dea2",
              "subnet-0aa0f9bb840a1caa0"
            ],
            "wait_for_capacity_timeout": "10m",
            "wait_for_elb_capacity": null
          },
          "private": "eyJlMmJmYjczMC1lY2FhLTExZTYtOGY4OC0zNDM2M2JjN2M0YzAiOnsiZGVsZXRlIjo2MDAwMDAwMDAwMDB9fQ==",
          "depends_on": [
            "aws_eks_cluster.demo",
            "aws_launch_configuration.demo",
            "data.aws_subnet.subnetid_private_a",
            "data.aws_subnet.subnetid_private_b"
          ]
        }
      ]
    },
    {
      "mode": "managed",
      "type": "aws_cloudwatch_log_group",
      "name": "eks_log_group",
      "provider": "provider.aws",
      "instances": [
        {
          "schema_version": 0,
          "attributes": {
            "arn": "arn:aws:logs:eu-west-1:465242977050:log-group:/aws/eks/terraform-eks-demo/cluster:*",
            "id": "/aws/eks/terraform-eks-demo/cluster",
            "kms_key_id": "",
            "name": "/aws/eks/terraform-eks-demo/cluster",
            "name_prefix": null,
            "retention_in_days": 7,
            "tags": null
          },
          "private": "bnVsbA=="
        }
      ]
    },
    {
      "mode": "managed",
      "type": "aws_eks_cluster",
      "name": "demo",
      "provider": "provider.aws",
      "instances": [
        {
          "schema_version": 0,
          "attributes": {
            "arn": "arn:aws:eks:eu-west-1:465242977050:cluster/terraform-eks-demo",
            "certificate_authority": [
              {
                "data": "LS0tLS1CRUdJTiBDRVJUSUZJQ0FURS0tLS0tCk1JSUN5RENDQWJDZ0F3SUJBZ0lCQURBTkJna3Foa2lHOXcwQkFRc0ZBREFWTVJNd0VRWURWUVFERXdwcmRXSmwKY201bGRHVnpNQjRYRFRFNU1Ea3hPREE1TXpreE9Wb1hEVEk1TURreE5UQTVNemt4T1Zvd0ZURVRNQkVHQTFVRQpBeE1LYTNWaVpYSnVaWFJsY3pDQ0FTSXdEUVlKS29aSWh2Y05BUUVCQlFBRGdnRVBBRENDQVFvQ2dnRUJBTjVqCmd3WW95WFBRa1RVdFNDN3Irbm9jcCtQbXI2cmN4SXAyZ0lnM0pwNEdDWGxCR1F4Rld3NDNZY2NrMUNsRFQvZ2oKMTNxVDIxNmhUR295eXJWR0c2eGQvcW5LWlRROVY2M3Y1Z0ZDNmo2dkhHNktxbGpWK3hNcW5qaC9SMDl5cHRaNwpXM0xzOXUyL1ZleThjbHk5NWtDVGNMNktCNmk0NWx2eDZJbVM3LzI1S0t5bnBnZGpOWEVaWElVNEliYU1EOWRHCm91cHgwNEhlcnhNN0EyZHA5RWFDdEJjSU5qWTE3UnhmWDg0aUJWa2oxektpV1E0YTNBTXlSN01lRjFOYXFrTW8KaENDSWU5d3hmdW1OUi9VZ3lpUGgvcEplUW9UdWFVck9mNjQydEJ5bWlxamFkeVE4VnNlbXBKL1BYd2IwOVNqNwpFY3BKSk1PU1JzNHR6UVhyU3AwQ0F3RUFBYU1qTUNFd0RnWURWUjBQQVFIL0JBUURBZ0trTUE4R0ExVWRFd0VCCi93UUZNQU1CQWY4d0RRWUpLb1pJaHZjTkFRRUxCUUFEZ2dFQkFIZ0ZGSjhON2g1L2dieGNySHBtcFdmejl4RTIKaVgwemh3NitDTG9mdmNlVzZXa0FSeENLdXZINGlqWnB1UnV4WlRPT1d2ckJkdFlzZ2g2K2JNeWhLaUhTMXAzZwpSaXErS2dkME96MTlUY0x1N1JicE1mMzdOeEhIVTdZVVN4dnJ5SDIzVWEwOERUcWRNUHFobjhkd203VmwxUmVoCk0vL2hRWExhcDVJcUJXU1VPZFlwbnFVNzFNNlBjMDlIRVhMQW5QRGtLZURhM29PWUhqZVcwSlZNUlVkYTFXOTIKTnNKdzZiMDl0QXVOc0JiN1YzSElXMDlIQS81UjYwMWhFeW5ydVc3S1BaRHYvT3VvTXdBMnpuZkYvZlZ3TDFUVQp3U1VzempndXBCdm1GNno5dW9zM08yais3aitNa3N3VWEybXpVQ1R3cEUrZW1hQ3JsUlJ6NjhxUHRhST0KLS0tLS1FTkQgQ0VSVElGSUNBVEUtLS0tLQo="
              }
            ],
            "created_at": "2019-09-18 09:32:38 +0000 UTC",
            "enabled_cluster_log_types": [
              "api",
              "audit"
            ],
            "endpoint": "https://B2E6C1EC535A380BE279F832D57AFB1F.yl4.eu-west-1.eks.amazonaws.com",
            "id": "terraform-eks-demo",
            "identity": [
              {
                "oidc": [
                  {
                    "issuer": "https://oidc.eks.eu-west-1.amazonaws.com/id/B2E6C1EC535A380BE279F832D57AFB1F"
                  }
                ]
              }
            ],
            "name": "terraform-eks-demo",
            "platform_version": "eks.4",
            "role_arn": "arn:aws:iam::465242977050:role/terraform-eks-demo-cluster",
            "status": "ACTIVE",
            "timeouts": null,
            "version": "1.13",
            "vpc_config": [
              {
                "endpoint_private_access": true,
                "endpoint_public_access": false,
                "security_group_ids": [
                  "sg-01255baf4f68519e7"
                ],
                "subnet_ids": [
                  "subnet-09ce5ba0c6bc6dea2",
                  "subnet-0aa0f9bb840a1caa0"
                ],
                "vpc_id": "vpc-0c2d8f12853a8257c"
              }
            ]
          },
          "private": "eyJlMmJmYjczMC1lY2FhLTExZTYtOGY4OC0zNDM2M2JjN2M0YzAiOnsiY3JlYXRlIjoxODAwMDAwMDAwMDAwLCJkZWxldGUiOjkwMDAwMDAwMDAwMCwidXBkYXRlIjozNjAwMDAwMDAwMDAwfX0=",
          "depends_on": [
            "aws_cloudwatch_log_group.eks_log_group",
            "aws_iam_role.demo-cluster",
            "aws_iam_role_policy_attachment.demo-cluster-AmazonEKSClusterPolicy",
            "aws_iam_role_policy_attachment.demo-cluster-AmazonEKSServicePolicy",
            "aws_security_group.demo-cluster",
            "data.aws_subnet.subnetid_private_a",
            "data.aws_subnet.subnetid_private_b"
          ]
        }
      ]
    },
    {
      "mode": "managed",
      "type": "aws_iam_instance_profile",
      "name": "demo-node",
      "provider": "provider.aws",
      "instances": [
        {
          "schema_version": 0,
          "attributes": {
            "arn": "arn:aws:iam::465242977050:instance-profile/terraform-instance-profile-eks-demo",
            "create_date": "2019-09-18T09:32:36Z",
            "id": "terraform-instance-profile-eks-demo",
            "name": "terraform-instance-profile-eks-demo",
            "name_prefix": null,
            "path": "/",
            "role": "terraform-eks-demo-node",
            "roles": [],
            "unique_id": "AIPAWYUVEOMNK4ZQ7SS56"
          },
          "private": "bnVsbA==",
          "depends_on": [
            "aws_iam_role.demo-node"
          ]
        }
      ]
    },
    {
      "mode": "managed",
      "type": "aws_iam_role",
      "name": "demo-cluster",
      "provider": "provider.aws",
      "instances": [
        {
          "schema_version": 0,
          "attributes": {
            "arn": "arn:aws:iam::465242977050:role/terraform-eks-demo-cluster",
            "assume_role_policy": "{\"Version\":\"2012-10-17\",\"Statement\":[{\"Effect\":\"Allow\",\"Principal\":{\"Service\":\"eks.amazonaws.com\"},\"Action\":\"sts:AssumeRole\"}]}",
            "create_date": "2019-09-18T09:32:05Z",
            "description": "",
            "force_detach_policies": false,
            "id": "terraform-eks-demo-cluster",
            "max_session_duration": 3600,
            "name": "terraform-eks-demo-cluster",
            "name_prefix": null,
            "path": "/",
            "permissions_boundary": null,
            "tags": null,
            "unique_id": "AROAWYUVEOMNK4EQF75UV"
          },
          "private": "bnVsbA=="
        }
      ]
    },
    {
      "mode": "managed",
      "type": "aws_iam_role",
      "name": "demo-node",
      "provider": "provider.aws",
      "instances": [
        {
          "schema_version": 0,
          "attributes": {
            "arn": "arn:aws:iam::465242977050:role/terraform-eks-demo-node",
            "assume_role_policy": "{\"Version\":\"2012-10-17\",\"Statement\":[{\"Effect\":\"Allow\",\"Principal\":{\"Service\":\"ec2.amazonaws.com\"},\"Action\":\"sts:AssumeRole\"}]}",
            "create_date": "2019-09-18T09:32:05Z",
            "description": "",
            "force_detach_policies": false,
            "id": "terraform-eks-demo-node",
            "max_session_duration": 3600,
            "name": "terraform-eks-demo-node",
            "name_prefix": null,
            "path": "/",
            "permissions_boundary": null,
            "tags": null,
            "unique_id": "AROAWYUVEOMNETFQKL7FY"
          },
          "private": "bnVsbA=="
        }
      ]
    },
    {
      "mode": "managed",
      "type": "aws_iam_role_policy_attachment",
      "name": "demo-cluster-AmazonEKSClusterPolicy",
      "provider": "provider.aws",
      "instances": [
        {
          "schema_version": 0,
          "attributes": {
            "id": "terraform-eks-demo-cluster-20190918093206766500000003",
            "policy_arn": "arn:aws:iam::aws:policy/AmazonEKSClusterPolicy",
            "role": "terraform-eks-demo-cluster"
          },
          "private": "bnVsbA==",
          "depends_on": [
            "aws_iam_role.demo-cluster"
          ]
        }
      ]
    },
    {
      "mode": "managed",
      "type": "aws_iam_role_policy_attachment",
      "name": "demo-cluster-AmazonEKSServicePolicy",
      "provider": "provider.aws",
      "instances": [
        {
          "schema_version": 0,
          "attributes": {
            "id": "terraform-eks-demo-cluster-20190918093206834400000005",
            "policy_arn": "arn:aws:iam::aws:policy/AmazonEKSServicePolicy",
            "role": "terraform-eks-demo-cluster"
          },
          "private": "bnVsbA==",
          "depends_on": [
            "aws_iam_role.demo-cluster"
          ]
        }
      ]
    },
    {
      "mode": "managed",
      "type": "aws_iam_role_policy_attachment",
      "name": "demo-node-AmazonEC2ContainerRegistryReadOnly",
      "provider": "provider.aws",
      "instances": [
        {
          "schema_version": 0,
          "attributes": {
            "id": "terraform-eks-demo-node-20190918093206727700000001",
            "policy_arn": "arn:aws:iam::aws:policy/AmazonEC2ContainerRegistryReadOnly",
            "role": "terraform-eks-demo-node"
          },
          "private": "bnVsbA==",
          "depends_on": [
            "aws_iam_role.demo-node"
          ]
        }
      ]
    },
    {
      "mode": "managed",
      "type": "aws_iam_role_policy_attachment",
      "name": "demo-node-AmazonEKSWorkerNodePolicy",
      "provider": "provider.aws",
      "instances": [
        {
          "schema_version": 0,
          "attributes": {
            "id": "terraform-eks-demo-node-20190918093206743100000002",
            "policy_arn": "arn:aws:iam::aws:policy/AmazonEKSWorkerNodePolicy",
            "role": "terraform-eks-demo-node"
          },
          "private": "bnVsbA==",
          "depends_on": [
            "aws_iam_role.demo-node"
          ]
        }
      ]
    },
    {
      "mode": "managed",
      "type": "aws_iam_role_policy_attachment",
      "name": "demo-node-AmazonEKS_CNI_Policy",
      "provider": "provider.aws",
      "instances": [
        {
          "schema_version": 0,
          "attributes": {
            "id": "terraform-eks-demo-node-20190918093206814100000004",
            "policy_arn": "arn:aws:iam::aws:policy/AmazonEKS_CNI_Policy",
            "role": "terraform-eks-demo-node"
          },
          "private": "bnVsbA==",
          "depends_on": [
            "aws_iam_role.demo-node"
          ]
        }
      ]
    },
    {
      "mode": "managed",
      "type": "aws_launch_configuration",
      "name": "demo",
      "provider": "provider.aws",
      "instances": [
        {
          "schema_version": 0,
          "attributes": {
            "associate_public_ip_address": false,
            "ebs_block_device": [],
            "ebs_optimized": false,
            "enable_monitoring": true,
            "ephemeral_block_device": [],
            "iam_instance_profile": "terraform-instance-profile-eks-demo",
            "id": "terraform-eks-demo20190918094339617300000006",
            "image_id": "ami-0be39014aa2b90c55",
            "instance_type": "t3.medium",
            "key_name": "kopslab",
            "name": "terraform-eks-demo20190918094339617300000006",
            "name_prefix": "terraform-eks-demo",
            "placement_tenancy": null,
            "root_block_device": [],
            "security_groups": [
              "sg-09dfb085ca5e02e72"
            ],
            "spot_price": "",
            "user_data": null,
            "user_data_base64": "IyEvYmluL2Jhc2gNCnNldCAtbyB4dHJhY2UNCi9ldGMvZWtzL2Jvb3RzdHJhcC5zaCAtLWFwaXNlcnZlci1lbmRwb2ludCAnaHR0cHM6Ly9CMkU2QzFFQzUzNUEzODBCRTI3OUY4MzJENTdBRkIxRi55bDQuZXUtd2VzdC0xLmVrcy5hbWF6b25hd3MuY29tJyAtLWI2NC1jbHVzdGVyLWNhICdMUzB0TFMxQ1JVZEpUaUJEUlZKVVNVWkpRMEZVUlMwdExTMHRDazFKU1VONVJFTkRRV0pEWjBGM1NVSkJaMGxDUVVSQlRrSm5hM0ZvYTJsSE9YY3dRa0ZSYzBaQlJFRldUVkpOZDBWUldVUldVVkZFUlhkd2NtUlhTbXdLWTIwMWJHUkhWbnBOUWpSWVJGUkZOVTFFYTNoUFJFRTFUWHByZUU5V2IxaEVWRWsxVFVScmVFNVVRVFZOZW10NFQxWnZkMFpVUlZSTlFrVkhRVEZWUlFwQmVFMUxZVE5XYVZwWVNuVmFXRkpzWTNwRFEwRlRTWGRFVVZsS1MyOWFTV2gyWTA1QlVVVkNRbEZCUkdkblJWQkJSRU5EUVZGdlEyZG5SVUpCVGpWcUNtZDNXVzk1V0ZCUmExUlZkRk5ETjNJcmJtOWpjQ3RRYlhJMmNtTjRTWEF5WjBsbk0wcHdORWREV0d4Q1IxRjRSbGQzTkROWlkyTnJNVU5zUkZRdloyb0tNVE54VkRJeE5taFVSMjk1ZVhKV1IwYzJlR1F2Y1c1TFdsUlJPVlkyTTNZMVowWkRObW8yZGtoSE5rdHhiR3BXSzNoTmNXNXFhQzlTTURsNWNIUmFOd3BYTTB4ek9YVXlMMVpsZVRoamJIazVOV3REVkdOTU5rdENObWswTld4MmVEWkpiVk0zTHpJMVMwdDVibkJuWkdwT1dFVmFXRWxWTkVsaVlVMUVPV1JIQ205MWNIZ3dORWhsY25oTk4wRXlaSEE1UldGRGRFSmpTVTVxV1RFM1VuaG1XRGcwYVVKV2Eyb3hla3RwVjFFMFlUTkJUWGxTTjAxbFJqRk9ZWEZyVFc4S2FFTkRTV1U1ZDNobWRXMU9VaTlWWjNscFVHZ3ZjRXBsVVc5VWRXRlZjazltTmpReWRFSjViV2x4YW1Ga2VWRTRWbk5sYlhCS0wxQllkMkl3T1ZOcU53cEZZM0JLU2sxUFUxSnpOSFI2VVZoeVUzQXdRMEYzUlVGQllVMXFUVU5GZDBSbldVUldVakJRUVZGSUwwSkJVVVJCWjB0clRVRTRSMEV4VldSRmQwVkNDaTkzVVVaTlFVMUNRV1k0ZDBSUldVcExiMXBKYUhaalRrRlJSVXhDVVVGRVoyZEZRa0ZJWjBaR1NqaE9OMmcxTDJkaWVHTnlTSEJ0Y0ZkbWVqbDRSVElLYVZnd2VtaDNOaXREVEc5bWRtTmxWelpYYTBGU2VFTkxkWFpJTkdscVduQjFVblY0V2xSUFQxZDJja0prZEZseloyZzJLMkpOZVdoTGFVaFRNWEF6WndwU2FYRXJTMmRrTUU5Nk1UbFVZMHgxTjFKaWNFMW1NemRPZUVoSVZUZFpWVk40ZG5KNVNESXpWV0V3T0VSVWNXUk5VSEZvYmpoa2QyMDNWbXd4VW1Wb0NrMHZMMmhSV0V4aGNEVkpjVUpYVTFWUFpGbHdibkZWTnpGTk5sQmpNRGxJUlZoTVFXNVFSR3RMWlVSaE0yOVBXVWhxWlZjd1NsWk5VbFZrWVRGWE9USUtUbk5LZHpaaU1EbDBRWFZPYzBKaU4xWXpTRWxYTURsSVFTODFVall3TVdoRmVXNXlkVmMzUzFCYVJIWXZUM1Z2VFhkQk1ucHVaa1l2WmxaM1RERlVWUXAzVTFWemVtcG5kWEJDZG0xR05ubzVkVzl6TTA4eWFpczNhaXROYTNOM1ZXRXliWHBWUTFSM2NFVXJaVzFoUTNKc1VsSjZOamh4VUhSaFNUMEtMUzB0TFMxRlRrUWdRMFZTVkVsR1NVTkJWRVV0TFMwdExRbz0nICd0ZXJyYWZvcm0tZWtzLWRlbW8nDQo=",
            "vpc_classic_link_id": "",
            "vpc_classic_link_security_groups": null
          },
          "private": "bnVsbA==",
          "depends_on": [
            "aws_iam_instance_profile.demo-node",
            "aws_security_group.demo-node",
            "data.aws_ami.eks-worker"
          ]
        }
      ]
    },
    {
      "mode": "managed",
      "type": "aws_security_group",
      "name": "demo-cluster",
      "provider": "provider.aws",
      "instances": [
        {
          "schema_version": 1,
          "attributes": {
            "arn": "arn:aws:ec2:eu-west-1:465242977050:security-group/sg-01255baf4f68519e7",
            "description": "Cluster communication with worker nodes",
            "egress": [
              {
                "cidr_blocks": [
                  "0.0.0.0/0"
                ],
                "description": "",
                "from_port": 0,
                "ipv6_cidr_blocks": [],
                "prefix_list_ids": [],
                "protocol": "-1",
                "security_groups": [],
                "self": false,
                "to_port": 0
              }
            ],
            "id": "sg-01255baf4f68519e7",
            "ingress": [],
            "name": "terraform-eks-demo-cluster",
            "name_prefix": null,
            "owner_id": "465242977050",
            "revoke_rules_on_delete": false,
            "tags": {
              "Name": "terraform-eks-demo"
            },
            "timeouts": null,
            "vpc_id": "vpc-0c2d8f12853a8257c"
          },
          "private": "eyJlMmJmYjczMC1lY2FhLTExZTYtOGY4OC0zNDM2M2JjN2M0YzAiOnsiY3JlYXRlIjo2MDAwMDAwMDAwMDAsImRlbGV0ZSI6NjAwMDAwMDAwMDAwfSwic2NoZW1hX3ZlcnNpb24iOiIxIn0="
        }
      ]
    },
    {
      "mode": "managed",
      "type": "aws_security_group",
      "name": "demo-node",
      "provider": "provider.aws",
      "instances": [
        {
          "schema_version": 1,
          "attributes": {
            "arn": "arn:aws:ec2:eu-west-1:465242977050:security-group/sg-09dfb085ca5e02e72",
            "description": "Security group for all nodes in the cluster",
            "egress": [
              {
                "cidr_blocks": [
                  "0.0.0.0/0"
                ],
                "description": "",
                "from_port": 0,
                "ipv6_cidr_blocks": [],
                "prefix_list_ids": [],
                "protocol": "-1",
                "security_groups": [],
                "self": false,
                "to_port": 0
              }
            ],
            "id": "sg-09dfb085ca5e02e72",
            "ingress": [],
            "name": "terraform-sg-eks-demo-node",
            "name_prefix": null,
            "owner_id": "465242977050",
            "revoke_rules_on_delete": false,
            "tags": {
              "Name": "terraform-eks-demo-node",
              "kubernetes.io/cluster/terraform-eks-demo": "owned"
            },
            "timeouts": null,
            "vpc_id": "vpc-0c2d8f12853a8257c"
          },
          "private": "eyJlMmJmYjczMC1lY2FhLTExZTYtOGY4OC0zNDM2M2JjN2M0YzAiOnsiY3JlYXRlIjo2MDAwMDAwMDAwMDAsImRlbGV0ZSI6NjAwMDAwMDAwMDAwfSwic2NoZW1hX3ZlcnNpb24iOiIxIn0="
        }
      ]
    },
    {
      "mode": "managed",
      "type": "aws_security_group_rule",
      "name": "demo-cluster-ingress-node-https",
      "provider": "provider.aws",
      "instances": [
        {
          "schema_version": 2,
          "attributes": {
            "cidr_blocks": null,
            "description": "Allow pods to communicate with the cluster API Server",
            "from_port": 443,
            "id": "sgrule-2383073818",
            "ipv6_cidr_blocks": null,
            "prefix_list_ids": null,
            "protocol": "tcp",
            "security_group_id": "sg-01255baf4f68519e7",
            "self": false,
            "source_security_group_id": "sg-09dfb085ca5e02e72",
            "to_port": 443,
            "type": "ingress"
          },
          "private": "eyJzY2hlbWFfdmVyc2lvbiI6IjIifQ==",
          "depends_on": [
            "aws_security_group.demo-cluster",
            "aws_security_group.demo-node"
          ]
        }
      ]
    },
    {
      "mode": "managed",
      "type": "aws_security_group_rule",
      "name": "demo-cluster-ingress-workstation-https",
      "provider": "provider.aws",
      "instances": [
        {
          "schema_version": 2,
          "attributes": {
            "cidr_blocks": [
              "193.57.249.2/32",
              "10.1.1.197/32"
            ],
            "description": "Allow workstation to communicate with the cluster API Server",
            "from_port": 443,
            "id": "sgrule-3699494388",
            "ipv6_cidr_blocks": null,
            "prefix_list_ids": null,
            "protocol": "tcp",
            "security_group_id": "sg-01255baf4f68519e7",
            "self": false,
            "source_security_group_id": null,
            "to_port": 443,
            "type": "ingress"
          },
          "private": "eyJzY2hlbWFfdmVyc2lvbiI6IjIifQ==",
          "depends_on": [
            "aws_security_group.demo-cluster"
          ]
        }
      ]
    },
    {
      "mode": "managed",
      "type": "aws_security_group_rule",
      "name": "demo-node-ingress-cluster",
      "provider": "provider.aws",
      "instances": [
        {
          "schema_version": 2,
          "attributes": {
            "cidr_blocks": null,
            "description": "Allow worker Kubelets and pods to receive communication from the cluster control plane",
            "from_port": 1025,
            "id": "sgrule-260423625",
            "ipv6_cidr_blocks": null,
            "prefix_list_ids": null,
            "protocol": "tcp",
            "security_group_id": "sg-09dfb085ca5e02e72",
            "self": false,
            "source_security_group_id": "sg-01255baf4f68519e7",
            "to_port": 65535,
            "type": "ingress"
          },
          "private": "eyJzY2hlbWFfdmVyc2lvbiI6IjIifQ==",
          "depends_on": [
            "aws_security_group.demo-cluster",
            "aws_security_group.demo-node"
          ]
        }
      ]
    },
    {
      "mode": "managed",
      "type": "aws_security_group_rule",
      "name": "demo-node-ingress-self",
      "provider": "provider.aws",
      "instances": [
        {
          "schema_version": 2,
          "attributes": {
            "cidr_blocks": null,
            "description": "Allow node to communicate with each other",
            "from_port": 0,
            "id": "sgrule-287294225",
            "ipv6_cidr_blocks": null,
            "prefix_list_ids": null,
            "protocol": "-1",
            "security_group_id": "sg-09dfb085ca5e02e72",
            "self": false,
            "source_security_group_id": "sg-09dfb085ca5e02e72",
            "to_port": 65535,
            "type": "ingress"
          },
          "private": "eyJzY2hlbWFfdmVyc2lvbiI6IjIifQ==",
          "depends_on": [
            "aws_security_group.demo-node"
          ]
        }
      ]
    }
  ]
}
